{
  "lockfile_version": "1",
  "packages": {
    "envsubst@latest": {
      "last_modified": "2025-10-07T08:41:47Z",
      "resolved": "github:NixOS/nixpkgs/bce5fe2bb998488d8e7e7856315f90496723793c#envsubst",
      "source": "devbox-search",
      "version": "1.4.3",
      "systems": {
        "aarch64-darwin": {
          "outputs": [
            {
              "name": "out",
              "path": "/nix/store/xqrq40308q2yppxh56rrdi94s200by8c-envsubst-1.4.3",
              "default": true
            }
          ],
          "store_path": "/nix/store/xqrq40308q2yppxh56rrdi94s200by8c-envsubst-1.4.3"
        },
        "aarch64-linux": {
          "outputs": [
            {
              "name": "out",
              "path": "/nix/store/lpa03zaqjhy0jgnbj44cb8n0fjy09aj9-envsubst-1.4.3",
              "default": true
            }
          ],
          "store_path": "/nix/store/lpa03zaqjhy0jgnbj44cb8n0fjy09aj9-envsubst-1.4.3"
        },
        "x86_64-darwin": {
          "outputs": [
            {
              "name": "out",
              "path": "/nix/store/mniq0pl58xmk85p0zv7i05s93b3fj06d-envsubst-1.4.3",
              "default": true
            }
          ],
          "store_path": "/nix/store/mniq0pl58xmk85p0zv7i05s93b3fj06d-envsubst-1.4.3"
        },
        "x86_64-linux": {
          "outputs": [
            {
              "name": "out",
              "path": "/nix/store/4mad7380cdpb72h0gpd042kp7lygf0gl-envsubst-1.4.3",
              "default": true
            }
          ],
          "store_path": "/nix/store/4mad7380cdpb72h0gpd042kp7lygf0gl-envsubst-1.4.3"
        }
      }
    },
    "github:NixOS/nixpkgs/nixpkgs-unstable": {
      "last_modified": "2025-10-15T12:59:37Z",
      "resolved": "github:NixOS/nixpkgs/35f590344ff791e6b1d6d6b8f3523467c9217caf?lastModified=1760533177&narHash=sha256-OwM1sFustLHx%2BxmTymhucZuNhtq98fHIbfO8Swm5L8A%3D"
    },
    "go-task@latest": {
      "last_modified": "2025-10-07T08:41:47Z",
      "resolved": "github:NixOS/nixpkgs/bce5fe2bb998488d8e7e7856315f90496723793c#go-task",
      "source": "devbox-search",
      "version": "3.45.4",
      "systems": {
        "aarch64-darwin": {
          "outputs": [
            {
              "name": "out",
              "path": "/nix/store/jpyzi7ph07mxn64vr684rn4sn81rmdbv-go-task-3.45.4",
              "default": true
            }
          ],
          "store_path": "/nix/store/jpyzi7ph07mxn64vr684rn4sn81rmdbv-go-task-3.45.4"
        },
        "aarch64-linux": {
          "outputs": [
            {
              "name": "out",
              "path": "/nix/store/bhkmm0w7wmgncwvn8gmbsn254n0r9app-go-task-3.45.4",
              "default": true
            }
          ],
          "store_path": "/nix/store/bhkmm0w7wmgncwvn8gmbsn254n0r9app-go-task-3.45.4"
        },
        "x86_64-darwin": {
          "outputs": [
            {
              "name": "out",
              "path": "/nix/store/pv4fd2995ys0dd4rvsqcn6cd2q2qi98s-go-task-3.45.4",
              "default": true
            }
          ],
          "store_path": "/nix/store/pv4fd2995ys0dd4rvsqcn6cd2q2qi98s-go-task-3.45.4"
        },
        "x86_64-linux": {
          "outputs": [
            {
              "name": "out",
              "path": "/nix/store/535z3a3p7hwdg4g3w4f4ssq44vnqsxqh-go-task-3.45.4",
              "default": true
            }
          ],
          "store_path": "/nix/store/535z3a3p7hwdg4g3w4f4ssq44vnqsxqh-go-task-3.45.4"
        }
      }
    },
    "k9s@latest": {
      "last_modified": "2025-10-13T09:56:54Z",
      "resolved": "github:NixOS/nixpkgs/c12c63cd6c5eb34c7b4c3076c6a99e00fcab86ec#k9s",
      "source": "devbox-search",
      "version": "0.50.15",
      "systems": {
        "aarch64-darwin": {
          "outputs": [
            {
              "name": "out",
              "path": "/nix/store/yiqid4s17kn8xwrk7nk9jljkyziwbkvi-k9s-0.50.15",
              "default": true
            }
          ],
          "store_path": "/nix/store/yiqid4s17kn8xwrk7nk9jljkyziwbkvi-k9s-0.50.15"
        },
        "aarch64-linux": {
          "outputs": [
            {
              "name": "out",
              "path": "/nix/store/6c52nx4z200hji6kq3l960z1sv9q1gmj-k9s-0.50.15",
              "default": true
            }
          ],
          "store_path": "/nix/store/6c52nx4z200hji6kq3l960z1sv9q1gmj-k9s-0.50.15"
        },
        "x86_64-darwin": {
          "outputs": [
            {
              "name": "out",
              "path": "/nix/store/ld5iihppw57ahgk7q28i6jph5ymdhiqr-k9s-0.50.15",
              "default": true
            }
          ],
          "store_path": "/nix/store/ld5iihppw57ahgk7q28i6jph5ymdhiqr-k9s-0.50.15"
        },
        "x86_64-linux": {
          "outputs": [
            {
              "name": "out",
              "path": "/nix/store/mfq28g8h6krak53a343vwkfx38856mv8-k9s-0.50.15",
              "default": true
            }
          ],
          "store_path": "/nix/store/mfq28g8h6krak53a343vwkfx38856mv8-k9s-0.50.15"
        }
      }
    },
    "kind@latest": {
      "last_modified": "2025-10-07T08:41:47Z",
      "resolved": "github:NixOS/nixpkgs/bce5fe2bb998488d8e7e7856315f90496723793c#kind",
      "source": "devbox-search",
      "version": "0.30.0",
      "systems": {
        "aarch64-darwin": {
          "outputs": [
            {
              "name": "out",
              "path": "/nix/store/7j497fgkwc6hf0s6r4fhv039l5fvr9hp-kind-0.30.0",
              "default": true
            }
          ],
          "store_path": "/nix/store/7j497fgkwc6hf0s6r4fhv039l5fvr9hp-kind-0.30.0"
        },
        "aarch64-linux": {
          "outputs": [
            {
              "name": "out",
              "path": "/nix/store/7hyylmh4wwq2wviykzcjgvpsgcc3fy6f-kind-0.30.0",
              "default": true
            }
          ],
          "store_path": "/nix/store/7hyylmh4wwq2wviykzcjgvpsgcc3fy6f-kind-0.30.0"
        },
        "x86_64-darwin": {
          "outputs": [
            {
              "name": "out",
              "path": "/nix/store/fzpysk98r712zr79y4a64vyzqkg165rv-kind-0.30.0",
              "default": true
            }
          ],
          "store_path": "/nix/store/fzpysk98r712zr79y4a64vyzqkg165rv-kind-0.30.0"
        },
        "x86_64-linux": {
          "outputs": [
            {
              "name": "out",
              "path": "/nix/store/xlf4bljz86yn20ipha6a5a66xh440z52-kind-0.30.0",
              "default": true
            }
          ],
          "store_path": "/nix/store/xlf4bljz86yn20ipha6a5a66xh440z52-kind-0.30.0"
        }
      }
    },
    "kubectl@latest": {
      "last_modified": "2025-10-07T08:41:47Z",
      "resolved": "github:NixOS/nixpkgs/bce5fe2bb998488d8e7e7856315f90496723793c#kubectl",
      "source": "devbox-search",
      "version": "1.34.1",
      "systems": {
        "aarch64-darwin": {
          "outputs": [
            {
              "name": "out",
              "path": "/nix/store/2ih54prydy1k2s0zsjhkplk8sgcj95kc-kubectl-1.34.1",
              "default": true
            },
            {
              "name": "man",
              "path": "/nix/store/3rvrkr29q5rsb9scrxaw7bnxqplj8lzc-kubectl-1.34.1-man",
              "default": true
            },
            {
              "name": "convert",
              "path": "/nix/store/3xinznz678q5layrhy76q8chl9g7q0m6-kubectl-1.34.1-convert"
            }
          ],
          "store_path": "/nix/store/2ih54prydy1k2s0zsjhkplk8sgcj95kc-kubectl-1.34.1"
        },
        "aarch64-linux": {
          "outputs": [
            {
              "name": "out",
              "path": "/nix/store/kwyzcnrnmp32rh8yamhckddjnsyb7wv8-kubectl-1.34.1",
              "default": true
            },
            {
              "name": "man",
              "path": "/nix/store/1lib1cii7f7ks82bgq3shf3pa4bvfwlw-kubectl-1.34.1-man",
              "default": true
            },
            {
              "name": "convert",
              "path": "/nix/store/b2i2xpyf726nvf0wznanvk9wx4kyhxn0-kubectl-1.34.1-convert"
            }
          ],
          "store_path": "/nix/store/kwyzcnrnmp32rh8yamhckddjnsyb7wv8-kubectl-1.34.1"
        },
        "x86_64-darwin": {
          "outputs": [
            {
              "name": "out",
              "path": "/nix/store/nsldgqqryn057z8356yip0lxnhhn7azy-kubectl-1.34.1",
              "default": true
            },
            {
              "name": "man",
              "path": "/nix/store/97ky0g57awcjskva2zyyczqvg5ab9iq4-kubectl-1.34.1-man",
              "default": true
            },
            {
              "name": "convert",
              "path": "/nix/store/wwy8yalmwwz6m2rjc2fasdihc83gh9kv-kubectl-1.34.1-convert"
            }
          ],
          "store_path": "/nix/store/nsldgqqryn057z8356yip0lxnhhn7azy-kubectl-1.34.1"
        },
        "x86_64-linux": {
          "outputs": [
            {
              "name": "out",
              "path": "/nix/store/5fs5bi2b03j7b1s05h317iszhm8q23x7-kubectl-1.34.1",
              "default": true
            },
            {
              "name": "man",
              "path": "/nix/store/zsl5hlc1rgy52ljdkl0f5vfcp4vfs9gr-kubectl-1.34.1-man",
              "default": true
            },
            {
              "name": "convert",
              "path": "/nix/store/0xapfmzqh1lwmm7xkwca43k5pr65p32b-kubectl-1.34.1-convert"
            }
          ],
          "store_path": "/nix/store/5fs5bi2b03j7b1s05h317iszhm8q23x7-kubectl-1.34.1"
        }
      }
    },
    "kubectx@latest": {
      "last_modified": "2025-10-07T08:41:47Z",
      "resolved": "github:NixOS/nixpkgs/bce5fe2bb998488d8e7e7856315f90496723793c#kubectx",
      "source": "devbox-search",
      "version": "0.9.5",
      "systems": {
        "aarch64-darwin": {
          "outputs": [
            {
              "name": "out",
              "path": "/nix/store/29bigckafs10ypgp2z5mb4ns4y4ivsfl-kubectx-0.9.5",
              "default": true
            }
          ],
          "store_path": "/nix/store/29bigckafs10ypgp2z5mb4ns4y4ivsfl-kubectx-0.9.5"
        },
        "aarch64-linux": {
          "outputs": [
            {
              "name": "out",
              "path": "/nix/store/wh0vlyyp1vshbvsdpbw2pc8w2jfv6kvl-kubectx-0.9.5",
              "default": true
            }
          ],
          "store_path": "/nix/store/wh0vlyyp1vshbvsdpbw2pc8w2jfv6kvl-kubectx-0.9.5"
        },
        "x86_64-darwin": {
          "outputs": [
            {
              "name": "out",
              "path": "/nix/store/n1jj2x2w0izqprg2080vgk2l30gkff05-kubectx-0.9.5",
              "default": true
            }
          ],
          "store_path": "/nix/store/n1jj2x2w0izqprg2080vgk2l30gkff05-kubectx-0.9.5"
        },
        "x86_64-linux": {
          "outputs": [
            {
              "name": "out",
              "path": "/nix/store/d01mv4mffr9dp2vj8j9f73vv81l2srna-kubectx-0.9.5",
              "default": true
            }
          ],
          "store_path": "/nix/store/d01mv4mffr9dp2vj8j9f73vv81l2srna-kubectx-0.9.5"
        }
      }
    },
    "terraform@latest": {
      "last_modified": "2025-10-07T08:41:47Z",
      "resolved": "github:NixOS/nixpkgs/bce5fe2bb998488d8e7e7856315f90496723793c#terraform",
      "source": "devbox-search",
      "version": "1.13.3",
      "systems": {
        "aarch64-darwin": {
          "outputs": [
            {
              "name": "out",
              "path": "/nix/store/hs8hqnv3m95b072m3bvnw69rn9mn7vbx-terraform-1.13.3",
              "default": true
            }
          ],
          "store_path": "/nix/store/hs8hqnv3m95b072m3bvnw69rn9mn7vbx-terraform-1.13.3"
        },
        "aarch64-linux": {
          "outputs": [
            {
              "name": "out",
              "path": "/nix/store/00846z95xdq1yxk3a2wg8vsgm5zxvchi-terraform-1.13.3",
              "default": true
            }
          ],
          "store_path": "/nix/store/00846z95xdq1yxk3a2wg8vsgm5zxvchi-terraform-1.13.3"
        },
        "x86_64-darwin": {
          "outputs": [
            {
              "name": "out",
              "path": "/nix/store/k8bfl2dcjfgkqwp6fg987zfcxdnz34q1-terraform-1.13.3",
              "default": true
            }
          ],
          "store_path": "/nix/store/k8bfl2dcjfgkqwp6fg987zfcxdnz34q1-terraform-1.13.3"
        },
        "x86_64-linux": {
          "outputs": [
            {
              "name": "out",
              "path": "/nix/store/97piqkxbbgzq132yp2slkp12qf2i5rxm-terraform-1.13.3",
              "default": true
            }
          ],
          "store_path": "/nix/store/97piqkxbbgzq132yp2slkp12qf2i5rxm-terraform-1.13.3"
        }
      }
    }
  }
}
